speakeasyVersion: 1.790.3
sources:
    Creem API:
        sourceNamespace: creem-api
        sourceRevisionDigest: sha256:fc38175bce99c7d2f2573cc97538a1625784a1adb1cb139b98247fe89ab5b361
        sourceBlobDigest: sha256:11f0819da7fa9c7bd3b6fd95241f7022950334cd2b359697308dcc2cd239000b
        tags:
            - latest
            - v1
targets:
    creem:
        source: Creem API
        sourceNamespace: creem-api
        sourceRevisionDigest: sha256:fc38175bce99c7d2f2573cc97538a1625784a1adb1cb139b98247fe89ab5b361
        sourceBlobDigest: sha256:11f0819da7fa9c7bd3b6fd95241f7022950334cd2b359697308dcc2cd239000b
        codeSamplesNamespace: creem-api-typescript-code-samples
        codeSamplesRevisionDigest: sha256:7ef8901f8cc637a04eb3472deededda658da8092e34fbe5334566e7e9982f3bc
workflow:
    workflowVersion: 1.0.0
    speakeasyVersion: latest
    sources:
        Creem API:
            inputs:
                - location: ./openapi.json
            overlays:
                - location: .speakeasy/speakeasy-modifications-overlay.yaml
            registry:
                location: registry.speakeasyapi.dev/creem/engineering/creem-api
    targets:
        creem:
            target: typescript
            source: Creem API
            publish:
                npm:
                    token: $npm_token
            codeSamples:
                registry:
                    location: registry.speakeasyapi.dev/creem/engineering/creem-api-typescript-code-samples
                labelOverride:
                    fixedValue: Typescript (SDK)
                blocking: false
