speakeasyVersion: 1.790.3
sources:
    Creem API:
        sourceNamespace: creem-api
        sourceRevisionDigest: sha256:2a00ca9578951d2ddd32d1429748f14e673cc58a66f87c81231e6835f5aa61bc
        sourceBlobDigest: sha256:c51e152282b5bdf693653ccb3c15b7d10632d9224866c55a7f91130ec2deaf6b
        tags:
            - latest
            - v1
targets:
    creem:
        source: Creem API
        sourceNamespace: creem-api
        sourceRevisionDigest: sha256:2a00ca9578951d2ddd32d1429748f14e673cc58a66f87c81231e6835f5aa61bc
        sourceBlobDigest: sha256:c51e152282b5bdf693653ccb3c15b7d10632d9224866c55a7f91130ec2deaf6b
        codeSamplesNamespace: creem-api-typescript-code-samples
        codeSamplesRevisionDigest: sha256:1d6dff0bd780cffa332355184338e19880e9067db19dd270a81ddf4ec49f4133
workflow:
    workflowVersion: 1.0.0
    speakeasyVersion: latest
    sources:
        Creem API:
            inputs:
                - location: ./openapi.json
            registry:
                location: registry.speakeasyapi.dev/creem/engineering/creem-api
    targets:
        creem:
            target: typescript
            source: Creem API
            publish:
                npm:
                    token: $npm_token
            codeSamples:
                registry:
                    location: registry.speakeasyapi.dev/creem/engineering/creem-api-typescript-code-samples
                labelOverride:
                    fixedValue: Typescript (SDK)
                blocking: false
