speakeasyVersion: 1.762.0
sources:
    Creem API:
        sourceNamespace: creem-api
        sourceRevisionDigest: sha256:b11a97b47e6eecb1fb34df3bb047858ba2305a81106501810a7f0aca21d2dba3
        sourceBlobDigest: sha256:b012834ade0640769a67aa494a962c88b992e16c60718f299b1fd3d5a4b1f0ee
        tags:
            - latest
            - v1
targets:
    creem:
        source: Creem API
        sourceNamespace: creem-api
        sourceRevisionDigest: sha256:b11a97b47e6eecb1fb34df3bb047858ba2305a81106501810a7f0aca21d2dba3
        sourceBlobDigest: sha256:b012834ade0640769a67aa494a962c88b992e16c60718f299b1fd3d5a4b1f0ee
        codeSamplesNamespace: creem-api-typescript-code-samples
        codeSamplesRevisionDigest: sha256:f11309a47625f9dfbffdb19bac824e6cd043832af3dea886c75499322e8ee445
workflow:
    workflowVersion: 1.0.0
    speakeasyVersion: latest
    sources:
        Creem API:
            inputs:
                - location: ./openapi.json
            overlays:
                - location: .speakeasy/speakeasy-modifications-overlay.yaml
            registry:
                location: registry.speakeasyapi.dev/creem/engineering/creem-api
    targets:
        creem:
            target: typescript
            source: Creem API
            publish:
                npm:
                    token: $npm_token
            codeSamples:
                registry:
                    location: registry.speakeasyapi.dev/creem/engineering/creem-api-typescript-code-samples
                labelOverride:
                    fixedValue: Typescript (SDK)
                blocking: false
